// !$*UTF8*$!
{
	archiveVersion = 1;
	classes = {
	};
	objectVersion = 50;
	objects = {

/* Begin PBXBuildFile section */
		308776D8269D00C700BFE9B7 /* AppDelegate.swift in Sources */ = {isa = PBXBuildFile; fileRef = 308776D7269D00C700BFE9B7 /* AppDelegate.swift */; };
		308776DA269D00C700BFE9B7 /* SceneDelegate.swift in Sources */ = {isa = PBXBuildFile; fileRef = 308776D9269D00C700BFE9B7 /* SceneDelegate.swift */; };
		308776DF269D00C700BFE9B7 /* Main.storyboard in Resources */ = {isa = PBXBuildFile; fileRef = 308776DD269D00C700BFE9B7 /* Main.storyboard */; };
		308776E1269D00C700BFE9B7 /* Assets.xcassets in Resources */ = {isa = PBXBuildFile; fileRef = 308776E0269D00C700BFE9B7 /* Assets.xcassets */; };
		308776E4269D00C700BFE9B7 /* LaunchScreen.storyboard in Resources */ = {isa = PBXBuildFile; fileRef = 308776E2269D00C700BFE9B7 /* LaunchScreen.storyboard */; };
		308776EC269D01CE00BFE9B7 /* QuoteTableViewController.swift in Sources */ = {isa = PBXBuildFile; fileRef = 308776EB269D01CE00BFE9B7 /* QuoteTableViewController.swift */; };
		308776EE269D096A00BFE9B7 /* QuoteDetailViewController.swift in Sources */ = {isa = PBXBuildFile; fileRef = 308776ED269D096A00BFE9B7 /* QuoteDetailViewController.swift */; };
/* End PBXBuildFile section */

/* Begin PBXFileReference section */
		308776D4269D00C700BFE9B7 /* Quick Quotes.app */ = {isa = PBXFileReference; explicitFileType = wrapper.application; includeInIndex = 0; path = "Quick Quotes.app"; sourceTree = BUILT_PRODUCTS_DIR; };
		308776D7269D00C700BFE9B7 /* AppDelegate.swift */ = {isa = PBXFileReference; lastKnownFileType = sourcecode.swift; path = AppDelegate.swift; sourceTree = "<group>"; };
		308776D9269D00C700BFE9B7 /* SceneDelegate.swift */ = {isa = PBXFileReference; lastKnownFileType = sourcecode.swift; path = SceneDelegate.swift; sourceTree = "<group>"; };
		308776DE269D00C700BFE9B7 /* Base */ = {isa = PBXFileReference; lastKnownFileType = file.storyboard; name = Base; path = Base.lproj/Main.storyboard; sourceTree = "<group>"; };
		308776E0269D00C700BFE9B7 /* Assets.xcassets */ = {isa = PBXFileReference; lastKnownFileType = folder.assetcatalog; path = Assets.xcassets; sourceTree = "<group>"; };
		308776E3269D00C700BFE9B7 /* Base */ = {isa = PBXFileReference; lastKnownFileType = file.storyboard; name = Base; path = Base.lproj/LaunchScreen.storyboard; sourceTree = "<group>"; };
		308776E5269D00C700BFE9B7 /* Info.plist */ = {isa = PBXFileReference; lastKnownFileType = text.plist.xml; path = Info.plist; sourceTree = "<group>"; };
		308776EB269D01CE00BFE9B7 /* QuoteTableViewController.swift */ = {isa = PBXFileReference; lastKnownFileType = sourcecode.swift; path = QuoteTableViewController.swift; sourceTree = "<group>"; };
		308776ED269D096A00BFE9B7 /* QuoteDetailViewController.swift */ = {isa = PBXFileReference; lastKnownFileType = sourcecode.swift; path = QuoteDetailViewController.swift; sourceTree = "<group>"; };
/* End PBXFileReference section */

/* Begin PBXFrameworksBuildPhase section */
		308776D1269D00C700BFE9B7 /* Frameworks */ = {
			isa = PBXFrameworksBuildPhase;
			buildActionMask = 2147483647;
			files = (
			);
			runOnlyForDeploymentPostprocessing = 0;
		};
/* End PBXFrameworksBuildPhase section */

/* Begin PBXGroup section */
		308776CB269D00C700BFE9B7 = {
			isa = PBXGroup;
			children = (
				308776D6269D00C700BFE9B7 /* Quick Quotes */,
				308776D5269D00C700BFE9B7 /* Products */,
			);
			sourceTree = "<group>";
		};
		308776D5269D00C700BFE9B7 /* Products */ = {
			isa = PBXGroup;
			children = (
				308776D4269D00C700BFE9B7 /* Quick Quotes.app */,
			);
			name = Products;
			sourceTree = "<group>";
		};
		308776D6269D00C700BFE9B7 /* Quick Quotes */ = {
			isa = PBXGroup;
			children = (
				308776D7269D00C700BFE9B7 /* AppDelegate.swift */,
				308776D9269D00C700BFE9B7 /* SceneDelegate.swift */,
				308776DD269D00C700BFE9B7 /* Main.storyboard */,
				308776EB269D01CE00BFE9B7 /* QuoteTableViewController.swift */,
				308776ED269D096A00BFE9B7 /* QuoteDetailViewController.swift */,
				308776E0269D00C700BFE9B7 /* Assets.xcassets */,
				308776E2269D00C700BFE9B7 /* LaunchScreen.storyboard */,
				308776E5269D00C700BFE9B7 /* Info.plist */,
			);
			path = "Quick Quotes";
			sourceTree = "<group>";
		};
/* End PBXGroup section */

/* Begin PBXNativeTarget section */
		308776D3269D00C700BFE9B7 /* Quick Quotes */ = {
			isa = PBXNativeTarget;
			buildConfigurationList = 308776E8269D00C700BFE9B7 /* Build configuration list for PBXNativeTarget "Quick Quotes" */;
			buildPhases = (
				308776D0269D00C700BFE9B7 /* Sources */,
				308776D1269D00C700BFE9B7 /* Frameworks */,
				308776D2269D00C700BFE9B7 /* Resources */,
			);
			buildRules = (
			);
			dependencies = (
			);
			name = "Quick Quotes";
			productName = "Quick Quotes";
			productReference = 308776D4269D00C700BFE9B7 /* Quick Quotes.app */;
			productType = "com.apple.product-type.application";
		};
/* End PBXNativeTarget section */

/* Begin PBXProject section */
		308776CC269D00C700BFE9B7 /* Project object */ = {
			isa = PBXProject;
			attributes = {
				LastSwiftUpdateCheck = 1250;
				LastUpgradeCheck = 1250;
				TargetAttributes = {
					308776D3269D00C700BFE9B7 = {
						CreatedOnToolsVersion = 12.5.1;
					};
				};
			};
			buildConfigurationList = 308776CF269D00C700BFE9B7 /* Build configuration list for PBXProject "Quick Quotes" */;
			compatibilityVersion = "Xcode 9.3";
			developmentRegion = en;
			hasScannedForEncodings = 0;
			knownRegions = (
				en,
				Base,
			);
			mainGroup = 308776CB269D00C700BFE9B7;
			productRefGroup = 308776D5269D00C700BFE9B7 /* Products */;
			projectDirPath = "";
			projectRoot = "";
			targets = (
				308776D3269D00C700BFE9B7 /* Quick Quotes */,
			);
		};
/* End PBXProject section */

/* Begin PBXResourcesBuildPhase section */
		308776D2269D00C700BFE9B7 /* Resources */ = {
			isa = PBXResourcesBuildPhase;
			buildActionMask = 2147483647;
			files = (
				308776E4269D00C700BFE9B7 /* LaunchScreen.storyboard in Resources */,
				308776E1269D00C700BFE9B7 /* Assets.xcassets in Resources */,
				308776DF269D00C700BFE9B7 /* Main.storyboard in Resources */,
			);
			runOnlyForDeploymentPostprocessing = 0;
		};
/* End PBXResourcesBuildPhase section */

/* Begin PBXSourcesBuildPhase section */
		308776D0269D00C700BFE9B7 /* Sources */ = {
			isa = PBXSourcesBuildPhase;
			buildActionMask = 2147483647;
			files = (
				308776D8269D00C700BFE9B7 /* AppDelegate.swift in Sources */,
				308776EC269D01CE00BFE9B7 /* QuoteTableViewController.swift in Sources */,
				308776EE269D096A00BFE9B7 /* QuoteDetailViewController.swift in Sources */,
				308776DA269D00C700BFE9B7 /* SceneDelegate.swift in Sources */,
			);
			runOnlyForDeploymentPostprocessing = 0;
		};
/* End PBXSourcesBuildPhase section */

/* Begin PBXVariantGroup section */
		308776DD269D00C700BFE9B7 /* Main.storyboard */ = {
			isa = PBXVariantGroup;
			children = (
				308776DE269D00C700BFE9B7 /* Base */,
			);
			name = Main.storyboard;
			sourceTree = "<group>";
		};
		308776E2269D00C700BFE9B7 /* LaunchScreen.storyboard */ = {
			isa = PBXVariantGroup;
			children = (
				308776E3269D00C700BFE9B7 /* Base */,
			);
			name = LaunchScreen.storyboard;
			sourceTree = "<group>";
		};
/* End PBXVariantGroup section */

/* Begin XCBuildConfiguration section */
		308776E6269D00C700BFE9B7 /* Debug */ = {
			isa = XCBuildConfiguration;
			buildSettings = {
				ALWAYS_SEARCH_USER_PATHS = NO;
				CLANG_ANALYZER_NONNULL = YES;
				CLANG_ANALYZER_NUMBER_OBJECT_CONVERSION = YES_AGGRESSIVE;
				CLANG_CXX_LANGUAGE_STANDARD = "gnu++14";
				CLANG_CXX_LIBRARY = "libc++";
				CLANG_ENABLE_MODULES = YES;
				CLANG_ENABLE_OBJC_ARC = YES;
				CLANG_ENABLE_OBJC_WEAK = YES;
				CLANG_WARN_BLOCK_CAPTURE_AUTORELEASING = YES;
				CLANG_WARN_BOOL_CONVERSION = YES;
				CLANG_WARN_COMMA = YES;
				CLANG_WARN_CONSTANT_CONVERSION = YES;
				CLANG_WARN_DEPRECATED_OBJC_IMPLEMENTATIONS = YES;
				CLANG_WARN_DIRECT_OBJC_ISA_USAGE = YES_ERROR;
				CLANG_WARN_DOCUMENTATION_COMMENTS = YES;
				CLANG_WARN_EMPTY_BODY = YES;
				CLANG_WARN_ENUM_CONVERSION = YES;
				CLANG_WARN_INFINITE_RECURSION = YES;
				CLANG_WARN_INT_CONVERSION = YES;
				CLANG_WARN_NON_LITERAL_NULL_CONVERSION = YES;
				CLANG_WARN_OBJC_IMPLICIT_RETAIN_SELF = YES;
				CLANG_WARN_OBJC_LITERAL_CONVERSION = YES;
				CLANG_WARN_OBJC_ROOT_CLASS = YES_ERROR;
				CLANG_WARN_QUOTED_INCLUDE_IN_FRAMEWORK_HEADER = YES;
				CLANG_WARN_RANGE_LOOP_ANALYSIS = YES;
				CLANG_WARN_STRICT_PROTOTYPES = YES;
				CLANG_WARN_SUSPICIOUS_MOVE = YES;
				CLANG_WARN_UNGUARDED_AVAILABILITY = YES_AGGRESSIVE;
				CLANG_WARN_UNREACHABLE_CODE = YES;
				CLANG_WARN__DUPLICATE_METHOD_MATCH = YES;
				COPY_PHASE_STRIP = NO;
				DEBUG_INFORMATION_FORMAT = dwarf;
				ENABLE_STRICT_OBJC_MSGSEND = YES;
				ENABLE_TESTABILITY = YES;
				GCC_C_LANGUAGE_STANDARD = gnu11;
				GCC_DYNAMIC_NO_PIC = NO;
				GCC_NO_COMMON_BLOCKS = YES;
				GCC_OPTIMIZATION_LEVEL = 0;
				GCC_PREPROCESSOR_DEFINITIONS = (
					"DEBUG=1",
					"$(inherited)",
				);
				GCC_WARN_64_TO_32_BIT_CONVERSION = YES;
				GCC_WARN_ABOUT_RETURN_TYPE = YES_ERROR;
				GCC_WARN_UNDECLARED_SELECTOR = YES;
				GCC_WARN_UNINITIALIZED_AUTOS = YES_AGGRESSIVE;
				GCC_WARN_UNUSED_FUNCTION = YES;
				GCC_WARN_UNUSED_VARIABLE = YES;
				IPHONEOS_DEPLOYMENT_TARGET = 14.5;
				MTL_ENABLE_DEBUG_INFO = INCLUDE_SOURCE;
				MTL_FAST_MATH = YES;
				ONLY_ACTIVE_ARCH = YES;
				SDKROOT = iphoneos;
				SWIFT_ACTIVE_COMPILATION_CONDITIONS = DEBUG;
				SWIFT_OPTIMIZATION_LEVEL = "-Onone";
			};
			name = Debug;
		};
		308776E7269D00C700BFE9B7 /* Release */ = {
			isa = XCBuildConfiguration;
			buildSettings = {
				ALWAYS_SEARCH_USER_PATHS = NO;
				CLANG_ANALYZER_NONNULL = YES;
				CLANG_ANALYZER_NUMBER_OBJECT_CONVERSION = YES_AGGRESSIVE;
				CLANG_CXX_LANGUAGE_STANDARD = "gnu++14";
				CLANG_CXX_LIBRARY = "libc++";
				CLANG_ENABLE_MODULES = YES;
				CLANG_ENABLE_OBJC_ARC = YES;
				CLANG_ENABLE_OBJC_WEAK = YES;
				CLANG_WARN_BLOCK_CAPTURE_AUTORELEASING = YES;
				CLANG_WARN_BOOL_CONVERSION = YES;
				CLANG_WARN_COMMA = YES;
				CLANG_WARN_CONSTANT_CONVERSION = YES;
				CLANG_WARN_DEPRECATED_OBJC_IMPLEMENTATIONS = YES;
				CLANG_WARN_DIRECT_OBJC_ISA_USAGE = YES_ERROR;
				CLANG_WARN_DOCUMENTATION_COMMENTS = YES;
				CLANG_WARN_EMPTY_BODY = YES;
				CLANG_WARN_ENUM_CONVERSION = YES;
				CLANG_WARN_INFINITE_RECURSION = YES;
				CLANG_WARN_INT_CONVERSION = YES;
				CLANG_WARN_NON_LITERAL_NULL_CONVERSION = YES;
				CLANG_WARN_OBJC_IMPLICIT_RETAIN_SELF = YES;
				CLANG_WARN_OBJC_LITERAL_CONVERSION = YES;
				CLANG_WARN_OBJC_ROOT_CLASS = YES_ERROR;
				CLANG_WARN_QUOTED_INCLUDE_IN_FRAMEWORK_HEADER = YES;
				CLANG_WARN_RANGE_LOOP_ANALYSIS = YES;
				CLANG_WARN_STRICT_PROTOTYPES = YES;
				CLANG_WARN_SUSPICIOUS_MOVE = YES;
				CLANG_WARN_UNGUARDED_AVAILABILITY = YES_AGGRESSIVE;
				CLANG_WARN_UNREACHABLE_CODE = YES;
				CLANG_WARN__DUPLICATE_METHOD_MATCH = YES;
				COPY_PHASE_STRIP = NO;
				DEBUG_INFORMATION_FORMAT = "dwarf-with-dsym";
				ENABLE_NS_ASSERTIONS = NO;
				ENABLE_STRICT_OBJC_MSGSEND = YES;
				GCC_C_LANGUAGE_STANDARD = gnu11;
				GCC_NO_COMMON_BLOCKS = YES;
				GCC_WARN_64_TO_32_BIT_CONVERSION = YES;
				GCC_WARN_ABOUT_RETURN_TYPE = YES_ERROR;
				GCC_WARN_UNDECLARED_SELECTOR = YES;
				GCC_WARN_UNINITIALIZED_AUTOS = YES_AGGRESSIVE;
				GCC_WARN_UNUSED_FUNCTION = YES;
				GCC_WARN_UNUSED_VARIABLE = YES;
				IPHONEOS_DEPLOYMENT_TARGET = 14.5;
				MTL_ENABLE_DEBUG_INFO = NO;
				MTL_FAST_MATH = YES;
				SDKROOT = iphoneos;
				SWIFT_COMPILATION_MODE = wholemodule;
				SWIFT_OPTIMIZATION_LEVEL = "-O";
				VALIDATE_PRODUCT = YES;
			};
			name = Release;
		};
		308776E9269D00C700BFE9B7 /* Debug */ = {
			isa = XCBuildConfiguration;
			buildSettings = {
				ASSETCATALOG_COMPILER_APPICON_NAME = AppIcon;
				ASSETCATALOG_COMPILER_GLOBAL_ACCENT_COLOR_NAME = AccentColor;
				CODE_SIGN_STYLE = Automatic;
				DEVELOPMENT_TEAM = N8P3Q4V6VQ;
				INFOPLIST_FILE = "Quick Quotes/Info.plist";
				LD_RUNPATH_SEARCH_PATHS = (
					"$(inherited)",
					"@executable_path/Frameworks",
				);
				PRODUCT_BUNDLE_IDENTIFIER = "SageRen.Quick-Quotes";
				PRODUCT_NAME = "$(TARGET_NAME)";
				SWIFT_VERSION = 5.0;
				TARGETED_DEVICE_FAMILY = "1,2";
			};
			name = Debug;
		};
		308776EA269D00C700BFE9B7 /* Release */ = {
			isa = XCBuildConfiguration;
			buildSettings = {
				ASSETCATALOG_COMPILER_APPICON_NAME = AppIcon;
				ASSETCATALOG_COMPILER_GLOBAL_ACCENT_COLOR_NAME = AccentColor;
				CODE_SIGN_STYLE = Automatic;
				DEVELOPMENT_TEAM = N8P3Q4V6VQ;
				INFOPLIST_FILE = "Quick Quotes/Info.plist";
				LD_RUNPATH_SEARCH_PATHS = (
					"$(inherited)",
					"@executable_path/Frameworks",
				);
				PRODUCT_BUNDLE_IDENTIFIER = "SageRen.Quick-Quotes";
				PRODUCT_NAME = "$(TARGET_NAME)";
				SWIFT_VERSION = 5.0;
				TARGETED_DEVICE_FAMILY = "1,2";
			};
			name = Release;
		};
/* End XCBuildConfiguration section */

/* Begin XCConfigurationList section */
		308776CF269D00C700BFE9B7 /* Build configuration list for PBXProject "Quick Quotes" */ = {
			isa = XCConfigurationList;
			buildConfigurations = (
				308776E6269D00C700BFE9B7 /* Debug */,
				308776E7269D00C700BFE9B7 /* Release */,
			);
			defaultConfigurationIsVisible = 0;
			defaultConfigurationName = Release;
		};
		308776E8269D00C700BFE9B7 /* Build configuration list for PBXNativeTarget "Quick Quotes" */ = {
			isa = XCConfigurationList;
			buildConfigurations = (
				308776E9269D00C700BFE9B7 /* Debug */,
				308776EA269D00C700BFE9B7 /* Release */,
			);
			defaultConfigurationIsVisible = 0;
			defaultConfigurationName = Release;
		};
/* End XCConfigurationList section */
	};
	rootObject = 308776CC269D00C700BFE9B7 /* Project object */;
}
